PODS:
  - Alamofire (4.9.1)
  - Differentiator (4.0.1)
  - KeychainAccess (4.1.0)
  - RxCocoa (5.0.1):
    - RxRelay (~> 5)
    - RxSwift (~> 5)
  - RxDataSources (4.0.1):
    - Differentiator (~> 4.0)
    - RxCocoa (~> 5.0)
    - RxSwift (~> 5.0)
  - RxRelay (5.0.1):
    - RxSwift (~> 5)
  - RxSwift (5.0.1)
  - Vatosawa (0.1.7):
    - Alamofire
    - KeychainAccess
    - RxSwift

DEPENDENCIES:
  - Alamofire
  - RxCocoa
  - RxDataSources
  - RxSwift
  - Vatosawa (from `https://github.com/cebroker/Vatosawa.git`)

SPEC REPOS:
  trunk:
    - Alamofire
    - Differentiator
    - KeychainAccess
    - RxCocoa
    - RxDataSources
    - RxRelay
    - RxSwift

EXTERNAL SOURCES:
  Vatosawa:
    :git: https://github.com/cebroker/Vatosawa.git

CHECKOUT OPTIONS:
  Vatosawa:
    :commit: 68bbd0af3aa54897226a89790116680b15e75f09
    :git: https://github.com/cebroker/Vatosawa.git

SPEC CHECKSUMS:
  Alamofire: 85e8a02c69d6020a0d734f6054870d7ecb75cf18
  Differentiator: 886080237d9f87f322641dedbc5be257061b0602
  KeychainAccess: 445e28864fe6d3458b41fa211bcdc39890e8bd5a
  RxCocoa: e741b9749968e8a143e2b787f1dfbff2b63d0a5c
  RxDataSources: efee07fa4de48477eca0a4611e6d11e2da9c1114
  RxRelay: 89d54507f4fd4d969e6ec1d4bd7f3673640b4640
  RxSwift: e2dc62b366a3adf6a0be44ba9f405efd4c94e0c4
  Vatosawa: fe988de1094d4ca0b9a4c08ab13fd7e0641a32ca

PODFILE CHECKSUM: d05bcbb0f5226a79a41fa4cb8ead4d27d4e13242

COCOAPODS: 1.8.4
